
Microsoft Visual Studio Solution File, Format Version 12.00
# Visual Studio 15
VisualStudioVersion = 15.0.28307.902
MinimumVisualStudioVersion = 10.0.40219.1
Project("{FAE04EC0-301F-11D3-BF4B-00C04F79EFBC}") = "DevOpsSampleProject", "DevOpsSampleProject\DevOpsSampleProject.csproj", "{F3C70D0A-D579-425F-846A-41501EA5E1BB}"
EndProject
Global
	GlobalSection(SolutionConfigurationPlatforms) = preSolution
		Debug|Any CPU = Debug|Any CPU
		Release|Any CPU = Release|Any CPU
	EndGlobalSection
	GlobalSection(ProjectConfigurationPlatforms) = postSolution
		{F3C70D0A-D579-425F-846A-41501EA5E1BB}.Debug|Any CPU.ActiveCfg = Debug|Any CPU
		{F3C70D0A-D579-425F-846A-41501EA5E1BB}.Debug|Any CPU.Build.0 = Debug|Any CPU
		{F3C70D0A-D579-425F-846A-41501EA5E1BB}.Release|Any CPU.ActiveCfg = Release|Any CPU
		{F3C70D0A-D579-425F-846A-41501EA5E1BB}.Release|Any CPU.Build.0 = Release|Any CPU
	EndGlobalSection
	GlobalSection(SolutionProperties) = preSolution
		HideSolutionNode = FALSE
	EndGlobalSection
	GlobalSection(ExtensibilityGlobals) = postSolution
		SolutionGuid = {AD26C790-07AB-4F1A-921D-26B04C8202CF}
	EndGlobalSection
EndGlobal
